
Microsoft Visual Studio Solution File, Format Version 12.00
# Visual Studio Version 17
VisualStudioVersion = 17.7.34031.279
MinimumVisualStudioVersion = 10.0.40219.1
Project("{FAE04EC0-301F-11D3-BF4B-00C04F79EFBC}") = "ALPHA GYM", "ALPHA GYM\ALPHA GYM.csproj", "{765C16B8-6319-47FF-A086-852509631780}"
EndProject
Global
	GlobalSection(SolutionConfigurationPlatforms) = preSolution
		Debug|Any CPU = Debug|Any CPU
		Release|Any CPU = Release|Any CPU
	EndGlobalSection
	GlobalSection(ProjectConfigurationPlatforms) = postSolution
		{765C16B8-6319-47FF-A086-852509631780}.Debug|Any CPU.ActiveCfg = Debug|Any CPU
		{765C16B8-6319-47FF-A086-852509631780}.Debug|Any CPU.Build.0 = Debug|Any CPU
		{765C16B8-6319-47FF-A086-852509631780}.Release|Any CPU.ActiveCfg = Release|Any CPU
		{765C16B8-6319-47FF-A086-852509631780}.Release|Any CPU.Build.0 = Release|Any CPU
	EndGlobalSection
	GlobalSection(SolutionProperties) = preSolution
		HideSolutionNode = FALSE
	EndGlobalSection
	GlobalSection(ExtensibilityGlobals) = postSolution
		SolutionGuid = {4133655F-EDBD-46A7-AD77-24CF9FED83CB}
	EndGlobalSection
EndGlobal
